
Microsoft Visual Studio Solution File, Format Version 12.00
# Visual Studio Version 16
VisualStudioVersion = 16.0.29020.237
MinimumVisualStudioVersion = 10.0.40219.1
Project("{FAE04EC0-301F-11D3-BF4B-00C04F79EFBC}") = "PiCodes.Android", "PiCodes\PiCodes.Android\PiCodes.Android.csproj", "{2AAB6546-EF98-4E5F-87EF-653BBA4B19FD}"
EndProject
Project("{FAE04EC0-301F-11D3-BF4B-00C04F79EFBC}") = "PiCodes", "PiCodes\PiCodes\PiCodes.csproj", "{9818AC66-E7F4-46BA-A3CC-7AEB8D462457}"
EndProject
Global
	GlobalSection(SolutionConfigurationPlatforms) = preSolution
		Debug|Any CPU = Debug|Any CPU
		Release|Any CPU = Release|Any CPU
	EndGlobalSection
	GlobalSection(ProjectConfigurationPlatforms) = postSolution
		{2AAB6546-EF98-4E5F-87EF-653BBA4B19FD}.Debug|Any CPU.ActiveCfg = Debug|Any CPU
		{2AAB6546-EF98-4E5F-87EF-653BBA4B19FD}.Debug|Any CPU.Build.0 = Debug|Any CPU
		{2AAB6546-EF98-4E5F-87EF-653BBA4B19FD}.Debug|Any CPU.Deploy.0 = Debug|Any CPU
		{2AAB6546-EF98-4E5F-87EF-653BBA4B19FD}.Release|Any CPU.ActiveCfg = Release|Any CPU
		{2AAB6546-EF98-4E5F-87EF-653BBA4B19FD}.Release|Any CPU.Build.0 = Release|Any CPU
		{2AAB6546-EF98-4E5F-87EF-653BBA4B19FD}.Release|Any CPU.Deploy.0 = Release|Any CPU
		{9818AC66-E7F4-46BA-A3CC-7AEB8D462457}.Debug|Any CPU.ActiveCfg = Debug|Any CPU
		{9818AC66-E7F4-46BA-A3CC-7AEB8D462457}.Debug|Any CPU.Build.0 = Debug|Any CPU
		{9818AC66-E7F4-46BA-A3CC-7AEB8D462457}.Debug|Any CPU.Deploy.0 = Debug|Any CPU
		{9818AC66-E7F4-46BA-A3CC-7AEB8D462457}.Release|Any CPU.ActiveCfg = Release|Any CPU
		{9818AC66-E7F4-46BA-A3CC-7AEB8D462457}.Release|Any CPU.Build.0 = Release|Any CPU
		{9818AC66-E7F4-46BA-A3CC-7AEB8D462457}.Release|Any CPU.Deploy.0 = Release|Any CPU
	EndGlobalSection
	GlobalSection(SolutionProperties) = preSolution
		HideSolutionNode = FALSE
	EndGlobalSection
	GlobalSection(ExtensibilityGlobals) = postSolution
		SolutionGuid = {73879494-8654-4F72-9009-47F783B9347A}
	EndGlobalSection
EndGlobal
