
Microsoft Visual Studio Solution File, Format Version 12.00
# Visual Studio 15
VisualStudioVersion = 15.0.27703.2047
MinimumVisualStudioVersion = 10.0.40219.1
Project("{FAE04EC0-301F-11D3-BF4B-00C04F79EFBC}") = "PizzaCodes.Android", "PizzaCodes\PizzaCodes.Android\PizzaCodes.Android.csproj", "{AD4C6EF5-D693-409E-A079-13DCAE8C3215}"
EndProject
Project("{D954291E-2A0B-460D-934E-DC6B0785DB48}") = "PizzaCodes", "PizzaCodes\PizzaCodes\PizzaCodes.shproj", "{15EF9C8D-487B-4E84-9654-18FBD35DFB85}"
EndProject
Global
	GlobalSection(SharedMSBuildProjectFiles) = preSolution
		PizzaCodes\PizzaCodes\PizzaCodes.projitems*{15ef9c8d-487b-4e84-9654-18fbd35dfb85}*SharedItemsImports = 13
		PizzaCodes\PizzaCodes\PizzaCodes.projitems*{ad4c6ef5-d693-409e-a079-13dcae8c3215}*SharedItemsImports = 4
	EndGlobalSection
	GlobalSection(SolutionConfigurationPlatforms) = preSolution
		Debug|Any CPU = Debug|Any CPU
		Release|Any CPU = Release|Any CPU
	EndGlobalSection
	GlobalSection(ProjectConfigurationPlatforms) = postSolution
		{AD4C6EF5-D693-409E-A079-13DCAE8C3215}.Debug|Any CPU.ActiveCfg = Debug|Any CPU
		{AD4C6EF5-D693-409E-A079-13DCAE8C3215}.Debug|Any CPU.Build.0 = Debug|Any CPU
		{AD4C6EF5-D693-409E-A079-13DCAE8C3215}.Debug|Any CPU.Deploy.0 = Debug|Any CPU
		{AD4C6EF5-D693-409E-A079-13DCAE8C3215}.Release|Any CPU.ActiveCfg = Release|Any CPU
		{AD4C6EF5-D693-409E-A079-13DCAE8C3215}.Release|Any CPU.Build.0 = Release|Any CPU
		{AD4C6EF5-D693-409E-A079-13DCAE8C3215}.Release|Any CPU.Deploy.0 = Release|Any CPU
	EndGlobalSection
	GlobalSection(SolutionProperties) = preSolution
		HideSolutionNode = FALSE
	EndGlobalSection
	GlobalSection(ExtensibilityGlobals) = postSolution
		SolutionGuid = {3E8F2660-62BE-42D7-A768-710DD07447DF}
	EndGlobalSection
EndGlobal
